
Microsoft Visual Studio Solution File, Format Version 12.00
# Visual Studio Version 16
VisualStudioVersion = 16.0.30503.244
MinimumVisualStudioVersion = 10.0.40219.1
Project("{9A19103F-16F7-4668-BE54-9A1E7A4F7556}") = "DestinyNet", "DestinyNet\DestinyNet.csproj", "{18872D78-4D3E-44D4-B1FE-6A92D7821427}"
EndProject
Project("{9A19103F-16F7-4668-BE54-9A1E7A4F7556}") = "MonthControl", "UI.MonthControl\MonthControl.csproj", "{AD6F39FC-C565-4FDE-BC40-0DE775A948D7}"
EndProject
Project("{9A19103F-16F7-4668-BE54-9A1E7A4F7556}") = "MonthEventControl", "UIMonthView\MonthEventControl.csproj", "{1411C05B-505E-4D9C-A8A8-37B6AED94C7C}"
EndProject
Project("{9A19103F-16F7-4668-BE54-9A1E7A4F7556}") = "Destiny.Core", "WpfLibrary1\Destiny.Core.csproj", "{2BA4DE78-5485-42DF-8A52-BD85ED20B7AB}"
EndProject
Project("{9A19103F-16F7-4668-BE54-9A1E7A4F7556}") = "NUnitTestDestenyNet", "NUnitTestDestenyNet\NUnitTestDestenyNet.csproj", "{525C1F9A-0E97-471A-9767-EB0F73C8C3F0}"
EndProject
Project("{FAE04EC0-301F-11D3-BF4B-00C04F79EFBC}") = "AccuWeather", "Weather\AccuWeather.csproj", "{CF2DBB0B-0893-443B-97D5-D0059160181F}"
EndProject
Global
	GlobalSection(SolutionConfigurationPlatforms) = preSolution
		Debug|Any CPU = Debug|Any CPU
		Release|Any CPU = Release|Any CPU
	EndGlobalSection
	GlobalSection(ProjectConfigurationPlatforms) = postSolution
		{18872D78-4D3E-44D4-B1FE-6A92D7821427}.Debug|Any CPU.ActiveCfg = Debug|Any CPU
		{18872D78-4D3E-44D4-B1FE-6A92D7821427}.Debug|Any CPU.Build.0 = Debug|Any CPU
		{18872D78-4D3E-44D4-B1FE-6A92D7821427}.Release|Any CPU.ActiveCfg = Release|Any CPU
		{18872D78-4D3E-44D4-B1FE-6A92D7821427}.Release|Any CPU.Build.0 = Release|Any CPU
		{AD6F39FC-C565-4FDE-BC40-0DE775A948D7}.Debug|Any CPU.ActiveCfg = Debug|Any CPU
		{AD6F39FC-C565-4FDE-BC40-0DE775A948D7}.Debug|Any CPU.Build.0 = Debug|Any CPU
		{AD6F39FC-C565-4FDE-BC40-0DE775A948D7}.Release|Any CPU.ActiveCfg = Release|Any CPU
		{AD6F39FC-C565-4FDE-BC40-0DE775A948D7}.Release|Any CPU.Build.0 = Release|Any CPU
		{1411C05B-505E-4D9C-A8A8-37B6AED94C7C}.Debug|Any CPU.ActiveCfg = Debug|Any CPU
		{1411C05B-505E-4D9C-A8A8-37B6AED94C7C}.Debug|Any CPU.Build.0 = Debug|Any CPU
		{1411C05B-505E-4D9C-A8A8-37B6AED94C7C}.Release|Any CPU.ActiveCfg = Release|Any CPU
		{1411C05B-505E-4D9C-A8A8-37B6AED94C7C}.Release|Any CPU.Build.0 = Release|Any CPU
		{2BA4DE78-5485-42DF-8A52-BD85ED20B7AB}.Debug|Any CPU.ActiveCfg = Debug|Any CPU
		{2BA4DE78-5485-42DF-8A52-BD85ED20B7AB}.Debug|Any CPU.Build.0 = Debug|Any CPU
		{2BA4DE78-5485-42DF-8A52-BD85ED20B7AB}.Release|Any CPU.ActiveCfg = Release|Any CPU
		{2BA4DE78-5485-42DF-8A52-BD85ED20B7AB}.Release|Any CPU.Build.0 = Release|Any CPU
		{525C1F9A-0E97-471A-9767-EB0F73C8C3F0}.Debug|Any CPU.ActiveCfg = Debug|Any CPU
		{525C1F9A-0E97-471A-9767-EB0F73C8C3F0}.Debug|Any CPU.Build.0 = Debug|Any CPU
		{525C1F9A-0E97-471A-9767-EB0F73C8C3F0}.Release|Any CPU.ActiveCfg = Release|Any CPU
		{525C1F9A-0E97-471A-9767-EB0F73C8C3F0}.Release|Any CPU.Build.0 = Release|Any CPU
		{CF2DBB0B-0893-443B-97D5-D0059160181F}.Debug|Any CPU.ActiveCfg = Debug|Any CPU
		{CF2DBB0B-0893-443B-97D5-D0059160181F}.Debug|Any CPU.Build.0 = Debug|Any CPU
		{CF2DBB0B-0893-443B-97D5-D0059160181F}.Release|Any CPU.ActiveCfg = Release|Any CPU
		{CF2DBB0B-0893-443B-97D5-D0059160181F}.Release|Any CPU.Build.0 = Release|Any CPU
	EndGlobalSection
	GlobalSection(SolutionProperties) = preSolution
		HideSolutionNode = FALSE
	EndGlobalSection
	GlobalSection(ExtensibilityGlobals) = postSolution
		SolutionGuid = {A90F27D1-29A7-4DC9-A192-57EF9A4AF4BE}
	EndGlobalSection
EndGlobal
